version = 1
revision = 3
requires-python = ">=3.14"

[[package]]
name = "asgiref"
version = "3.11.0"
source = { registry = "https://pypi.org/simple" }
sdist = { url = "https://files.pythonhosted.org/packages/76/b9/4db2509eabd14b4a8c71d1b24c8d5734c52b8560a7b1e1a8b56c8d25568b/asgiref-3.11.0.tar.gz", hash = "sha256:13acff32519542a1736223fb79a715acdebe24286d98e8b164a73085f40da2c4", size = 37969, upload-time = "2025-11-19T15:32:20.106Z" }
wheels = [
    { url = "https://files.pythonhosted.org/packages/91/be/317c2c55b8bbec407257d45f5c8d1b6867abc76d12043f2d3d58c538a4ea/asgiref-3.11.0-py3-none-any.whl", hash = "sha256:1db9021efadb0d9512ce8ffaf72fcef601c7b73a8807a1bb2ef143dc6b14846d", size = 24096, upload-time = "2025-11-19T15:32:19.004Z" },
]

[[package]]
name = "django"
version = "5.2.8"
source = { registry = "https://pypi.org/simple" }
dependencies = [
    { name = "asgiref" },
    { name = "sqlparse" },
    { name = "tzdata", marker = "sys_platform == 'win32'" },
]
sdist = { url = "https://files.pythonhosted.org/packages/05/a2/933dbbb3dd9990494960f6e64aca2af4c0745b63b7113f59a822df92329e/django-5.2.8.tar.gz", hash = "sha256:23254866a5bb9a2cfa6004e8b809ec6246eba4b58a7589bc2772f1bcc8456c7f", size = 10849032, upload-time = "2025-11-05T14:07:32.778Z" }
wheels = [
    { url = "https://files.pythonhosted.org/packages/5e/3d/a035a4ee9b1d4d4beee2ae6e8e12fe6dee5514b21f62504e22efcbd9fb46/django-5.2.8-py3-none-any.whl", hash = "sha256:37e687f7bd73ddf043e2b6b97cfe02fcbb11f2dbb3adccc6a2b18c6daa054d7f", size = 8289692, upload-time = "2025-11-05T14:07:28.761Z" },
]

[[package]]
name = "django-environ"
version = "0.12.0"
source = { registry = "https://pypi.org/simple" }
sdist = { url = "https://files.pythonhosted.org/packages/d6/04/65d2521842c42f4716225f20d8443a50804920606aec018188bbee30a6b0/django_environ-0.12.0.tar.gz", hash = "sha256:227dc891453dd5bde769c3449cf4a74b6f2ee8f7ab2361c93a07068f4179041a", size = 56804, upload-time = "2025-01-13T17:03:37.74Z" }
wheels = [
    { url = "https://files.pythonhosted.org/packages/83/b3/0a3bec4ecbfee960f39b1842c2f91e4754251e0a6ed443db9fe3f666ba8f/django_environ-0.12.0-py2.py3-none-any.whl", hash = "sha256:92fb346a158abda07ffe6eb23135ce92843af06ecf8753f43adf9d2366dcc0ca", size = 19957, upload-time = "2025-01-13T17:03:32.918Z" },
]

[[package]]
name = "psycopg"
version = "3.3.0"
source = { registry = "https://pypi.org/simple" }
dependencies = [
    { name = "tzdata", marker = "sys_platform == 'win32'" },
]
sdist = { url = "https://files.pythonhosted.org/packages/96/bd/06dc36aeda16ffff129d03d90e75fd5e24222a719adcef37cd07f1926b06/psycopg-3.3.0.tar.gz", hash = "sha256:68950107fb8979d34bfc16b61560a26afe5d8dab96617881c87dfff58221df09", size = 165593, upload-time = "2025-12-01T11:35:07.076Z" }
wheels = [
    { url = "https://files.pythonhosted.org/packages/d8/5d/3569bab5a92f33e4a1b3c3c16816718ef5cc306f55f3965a8cb630c496ac/psycopg-3.3.0-py3-none-any.whl", hash = "sha256:c9f070afeda682f6364f86cd77145f43feaf60648b2ce1f6e883e594d04cbea8", size = 212759, upload-time = "2025-12-01T11:21:15.91Z" },
]

[package.optional-dependencies]
binary = [
    { name = "psycopg-binary", marker = "implementation_name != 'pypy'" },
]

[[package]]
name = "psycopg-binary"
version = "3.3.0"
source = { registry = "https://pypi.org/simple" }
wheels = [
    { url = "https://files.pythonhosted.org/packages/6b/01/185f5865ccad804976505eb70dfef7cf65f2f7f39984272766ab601b864b/psycopg_binary-3.3.0-cp314-cp314-macosx_10_15_x86_64.whl", hash = "sha256:0f5e56aff53247f5b626796c29a596efc534332557508cddff9b41f34e4af6ae", size = 4596366, upload-time = "2025-12-01T11:25:02.927Z" },
    { url = "https://files.pythonhosted.org/packages/6e/20/4a5dd8daf216bd4dbae4896392819aa9d7647bc73cf151925850b39178df/psycopg_binary-3.3.0-cp314-cp314-macosx_11_0_arm64.whl", hash = "sha256:6470c034f07de3a2cfcfb4f6b95b97412be6c2ff75b92a22e2b7a5eca4b64501", size = 4675140, upload-time = "2025-12-01T11:31:39.315Z" },
    { url = "https://files.pythonhosted.org/packages/cc/6d/3c6028f90f892b97cb4528a1e978e73ea525d7fb210cf4aae0eb4427e946/psycopg_binary-3.3.0-cp314-cp314-manylinux2014_ppc64le.manylinux_2_17_ppc64le.whl", hash = "sha256:a8ef328c87608372052a8859743485dbb91ae0e38766008499f88471a9c438cc", size = 5456117, upload-time = "2025-12-01T11:31:47.56Z" },
    { url = "https://files.pythonhosted.org/packages/91/24/bc31ddcbaf6bdf7c979fefe1dba1f2c17ffcb52ac9b392d89bb2d95c6f5f/psycopg_binary-3.3.0-cp314-cp314-manylinux2014_x86_64.manylinux_2_17_x86_64.whl", hash = "sha256:c13fe4533d832c03b249b9dc45a59dcdb3918eacd41ff830c5c8ea551bc50513", size = 5133482, upload-time = "2025-12-01T11:31:53.298Z" },
    { url = "https://files.pythonhosted.org/packages/ed/ce/f5adb79503f7030696d9c91fd437f4a6c5f03624fac69ae4abd2bed6407d/psycopg_binary-3.3.0-cp314-cp314-manylinux_2_27_aarch64.manylinux_2_28_aarch64.whl", hash = "sha256:dd1500110ce7e71d51ca509760c75306e72c919e63556257ac6a85bab11356ca", size = 6731816, upload-time = "2025-12-01T11:31:58.993Z" },
    { url = "https://files.pythonhosted.org/packages/69/e1/2388d99faca4e90053e7723d33e4c8e00fc50b7754ee14a3148849080d1e/psycopg_binary-3.3.0-cp314-cp314-manylinux_2_38_riscv64.manylinux_2_39_riscv64.whl", hash = "sha256:d8e90ea351b075b6cac33ebd3dc24748459a8ed24b9210e5db961e6176a1ab47", size = 4983862, upload-time = "2025-12-01T11:32:04.271Z" },
    { url = "https://files.pythonhosted.org/packages/3f/38/8f0e9d3c97bcf352f3eaa8c718137ff004610e22f49d5152e2a0dc2849b6/psycopg_binary-3.3.0-cp314-cp314-musllinux_1_2_aarch64.whl", hash = "sha256:da67a00d5dceaa3259f72462118a73b3b1d1b542422be767817bc784c4a0c69e", size = 4516387, upload-time = "2025-12-01T11:32:08.971Z" },
    { url = "https://files.pythonhosted.org/packages/78/bb/96b2c32625a21acce05f9186b6cd454312524d3491e23369eb7701db34a3/psycopg_binary-3.3.0-cp314-cp314-musllinux_1_2_ppc64le.whl", hash = "sha256:b503c911165d4560e8d8489c46a78ec28e35321b85bf13ce58417382d75f436c", size = 4192379, upload-time = "2025-12-01T11:32:14.195Z" },
    { url = "https://files.pythonhosted.org/packages/00/c9/47a92022e52ff17cdbb8ee9a4b18539cac9008f86e40d2bd0a2cfc8670e7/psycopg_binary-3.3.0-cp314-cp314-musllinux_1_2_riscv64.whl", hash = "sha256:8894829fcebd6f431d2a0e31b553feb5714e355c34af0a76df24069370a928f1", size = 3928658, upload-time = "2025-12-01T11:32:19.426Z" },
    { url = "https://files.pythonhosted.org/packages/4b/4c/722363a201c2737aed0a95541bb71ad26f3d79033ce6cf190181023d86dc/psycopg_binary-3.3.0-cp314-cp314-musllinux_1_2_x86_64.whl", hash = "sha256:f3038029fff5105193ffe02352529925cb4ad5a5426b1d56d24b3654b062684e", size = 4239167, upload-time = "2025-12-01T11:34:23.423Z" },
    { url = "https://files.pythonhosted.org/packages/cc/a8/2b1000ba0fca0ee6216a24a9540c47c001543f27f2760baa30321031f5ff/psycopg_binary-3.3.0-cp314-cp314-win_amd64.whl", hash = "sha256:3681effab211f3e7bbde651f6eb7552b60289cd039a1a2058c674743a72d15d4", size = 3642102, upload-time = "2025-12-01T11:34:27.89Z" },
]

[[package]]
name = "puzzle-hub-app"
version = "0.1.0"
source = { virtual = "." }
dependencies = [
    { name = "django" },
    { name = "django-environ" },
    { name = "psycopg", extra = ["binary"] },
]

[package.metadata]
requires-dist = [
    { name = "django", specifier = ">=5.2.8" },
    { name = "django-environ", specifier = ">=0.12.0" },
    { name = "psycopg", extras = ["binary"], specifier = ">=3.3.0" },
]

[[package]]
name = "sqlparse"
version = "0.5.3"
source = { registry = "https://pypi.org/simple" }
sdist = { url = "https://files.pythonhosted.org/packages/e5/40/edede8dd6977b0d3da179a342c198ed100dd2aba4be081861ee5911e4da4/sqlparse-0.5.3.tar.gz", hash = "sha256:09f67787f56a0b16ecdbde1bfc7f5d9c3371ca683cfeaa8e6ff60b4807ec9272", size = 84999, upload-time = "2024-12-10T12:05:30.728Z" }
wheels = [
    { url = "https://files.pythonhosted.org/packages/a9/5c/bfd6bd0bf979426d405cc6e71eceb8701b148b16c21d2dc3c261efc61c7b/sqlparse-0.5.3-py3-none-any.whl", hash = "sha256:cf2196ed3418f3ba5de6af7e82c694a9fbdbfecccdfc72e281548517081f16ca", size = 44415, upload-time = "2024-12-10T12:05:27.824Z" },
]

[[package]]
name = "tzdata"
version = "2025.2"
source = { registry = "https://pypi.org/simple" }
sdist = { url = "https://files.pythonhosted.org/packages/95/32/1a225d6164441be760d75c2c42e2780dc0873fe382da3e98a2e1e48361e5/tzdata-2025.2.tar.gz", hash = "sha256:b60a638fcc0daffadf82fe0f57e53d06bdec2f36c4df66280ae79bce6bd6f2b9", size = 196380, upload-time = "2025-03-23T13:54:43.652Z" }
wheels = [
    { url = "https://files.pythonhosted.org/packages/5c/23/c7abc0ca0a1526a0774eca151daeb8de62ec457e77262b66b359c3c7679e/tzdata-2025.2-py2.py3-none-any.whl", hash = "sha256:1a403fada01ff9221ca8044d701868fa132215d84beb92242d9acd2147f667a8", size = 347839, upload-time = "2025-03-23T13:54:41.845Z" },
]
